// !$*UTF8*$!
{
	archiveVersion = 1;
	classes = {
	};
	objectVersion = 55;
	objects = {

/* Begin PBXBuildFile section */
		FAB387412827FFD1008C6009 /* AppDelegate.swift in Sources */ = {isa = PBXBuildFile; fileRef = FAB387402827FFD1008C6009 /* AppDelegate.swift */; };
		FAB387432827FFD1008C6009 /* SceneDelegate.swift in Sources */ = {isa = PBXBuildFile; fileRef = FAB387422827FFD1008C6009 /* SceneDelegate.swift */; };
		FAB387482827FFD1008C6009 /* Main.storyboard in Resources */ = {isa = PBXBuildFile; fileRef = FAB387462827FFD1008C6009 /* Main.storyboard */; };
		FAB3874A2827FFD2008C6009 /* Assets.xcassets in Resources */ = {isa = PBXBuildFile; fileRef = FAB387492827FFD2008C6009 /* Assets.xcassets */; };
		FAB3874D2827FFD2008C6009 /* LaunchScreen.storyboard in Resources */ = {isa = PBXBuildFile; fileRef = FAB3874B2827FFD2008C6009 /* LaunchScreen.storyboard */; };
		FAB387582827FFD2008C6009 /* jfTests.swift in Sources */ = {isa = PBXBuildFile; fileRef = FAB387572827FFD2008C6009 /* jfTests.swift */; };
		FAB387622827FFD2008C6009 /* jfUITests.swift in Sources */ = {isa = PBXBuildFile; fileRef = FAB387612827FFD2008C6009 /* jfUITests.swift */; };
		FAB387642827FFD2008C6009 /* jfUITestsLaunchTests.swift in Sources */ = {isa = PBXBuildFile; fileRef = FAB387632827FFD2008C6009 /* jfUITestsLaunchTests.swift */; };
		FAB387712828063B008C6009 /* ViewController.swift in Sources */ = {isa = PBXBuildFile; fileRef = FAB387702828063B008C6009 /* ViewController.swift */; };
/* End PBXBuildFile section */

/* Begin PBXContainerItemProxy section */
		FAB387542827FFD2008C6009 /* PBXContainerItemProxy */ = {
			isa = PBXContainerItemProxy;
			containerPortal = FAB387352827FFD1008C6009 /* Project object */;
			proxyType = 1;
			remoteGlobalIDString = FAB3873C2827FFD1008C6009;
			remoteInfo = jf;
		};
		FAB3875E2827FFD2008C6009 /* PBXContainerItemProxy */ = {
			isa = PBXContainerItemProxy;
			containerPortal = FAB387352827FFD1008C6009 /* Project object */;
			proxyType = 1;
			remoteGlobalIDString = FAB3873C2827FFD1008C6009;
			remoteInfo = jf;
		};
/* End PBXContainerItemProxy section */

/* Begin PBXFileReference section */
		FAB3873D2827FFD1008C6009 /* jf.app */ = {isa = PBXFileReference; explicitFileType = wrapper.application; includeInIndex = 0; path = jf.app; sourceTree = BUILT_PRODUCTS_DIR; };
		FAB387402827FFD1008C6009 /* AppDelegate.swift */ = {isa = PBXFileReference; lastKnownFileType = sourcecode.swift; path = AppDelegate.swift; sourceTree = "<group>"; };
		FAB387422827FFD1008C6009 /* SceneDelegate.swift */ = {isa = PBXFileReference; lastKnownFileType = sourcecode.swift; path = SceneDelegate.swift; sourceTree = "<group>"; };
		FAB387472827FFD1008C6009 /* Base */ = {isa = PBXFileReference; lastKnownFileType = file.storyboard; name = Base; path = Base.lproj/Main.storyboard; sourceTree = "<group>"; };
		FAB387492827FFD2008C6009 /* Assets.xcassets */ = {isa = PBXFileReference; lastKnownFileType = folder.assetcatalog; path = Assets.xcassets; sourceTree = "<group>"; };
		FAB3874C2827FFD2008C6009 /* Base */ = {isa = PBXFileReference; lastKnownFileType = file.storyboard; name = Base; path = Base.lproj/LaunchScreen.storyboard; sourceTree = "<group>"; };
		FAB3874E2827FFD2008C6009 /* Info.plist */ = {isa = PBXFileReference; lastKnownFileType = text.plist.xml; path = Info.plist; sourceTree = "<group>"; };
		FAB387532827FFD2008C6009 /* jfTests.xctest */ = {isa = PBXFileReference; explicitFileType = wrapper.cfbundle; includeInIndex = 0; path = jfTests.xctest; sourceTree = BUILT_PRODUCTS_DIR; };
		FAB387572827FFD2008C6009 /* jfTests.swift */ = {isa = PBXFileReference; lastKnownFileType = sourcecode.swift; path = jfTests.swift; sourceTree = "<group>"; };
		FAB3875D2827FFD2008C6009 /* jfUITests.xctest */ = {isa = PBXFileReference; explicitFileType = wrapper.cfbundle; includeInIndex = 0; path = jfUITests.xctest; sourceTree = BUILT_PRODUCTS_DIR; };
		FAB387612827FFD2008C6009 /* jfUITests.swift */ = {isa = PBXFileReference; lastKnownFileType = sourcecode.swift; path = jfUITests.swift; sourceTree = "<group>"; };
		FAB387632827FFD2008C6009 /* jfUITestsLaunchTests.swift */ = {isa = PBXFileReference; lastKnownFileType = sourcecode.swift; path = jfUITestsLaunchTests.swift; sourceTree = "<group>"; };
		FAB387702828063B008C6009 /* ViewController.swift */ = {isa = PBXFileReference; fileEncoding = 4; lastKnownFileType = sourcecode.swift; path = ViewController.swift; sourceTree = "<group>"; };
/* End PBXFileReference section */

/* Begin PBXFrameworksBuildPhase section */
		FAB3873A2827FFD1008C6009 /* Frameworks */ = {
			isa = PBXFrameworksBuildPhase;
			buildActionMask = 2147483647;
			files = (
			);
			runOnlyForDeploymentPostprocessing = 0;
		};
		FAB387502827FFD2008C6009 /* Frameworks */ = {
			isa = PBXFrameworksBuildPhase;
			buildActionMask = 2147483647;
			files = (
			);
			runOnlyForDeploymentPostprocessing = 0;
		};
		FAB3875A2827FFD2008C6009 /* Frameworks */ = {
			isa = PBXFrameworksBuildPhase;
			buildActionMask = 2147483647;
			files = (
			);
			runOnlyForDeploymentPostprocessing = 0;
		};
/* End PBXFrameworksBuildPhase section */

/* Begin PBXGroup section */
		FAB387342827FFD1008C6009 = {
			isa = PBXGroup;
			children = (
				FAB3873F2827FFD1008C6009 /* jf */,
				FAB387562827FFD2008C6009 /* jfTests */,
				FAB387602827FFD2008C6009 /* jfUITests */,
				FAB3873E2827FFD1008C6009 /* Products */,
			);
			sourceTree = "<group>";
		};
		FAB3873E2827FFD1008C6009 /* Products */ = {
			isa = PBXGroup;
			children = (
				FAB3873D2827FFD1008C6009 /* jf.app */,
				FAB387532827FFD2008C6009 /* jfTests.xctest */,
				FAB3875D2827FFD2008C6009 /* jfUITests.xctest */,
			);
			name = Products;
			sourceTree = "<group>";
		};
		FAB3873F2827FFD1008C6009 /* jf */ = {
			isa = PBXGroup;
			children = (
				FAB387702828063B008C6009 /* ViewController.swift */,
				FAB387402827FFD1008C6009 /* AppDelegate.swift */,
				FAB387422827FFD1008C6009 /* SceneDelegate.swift */,
				FAB387462827FFD1008C6009 /* Main.storyboard */,
				FAB387492827FFD2008C6009 /* Assets.xcassets */,
				FAB3874B2827FFD2008C6009 /* LaunchScreen.storyboard */,
				FAB3874E2827FFD2008C6009 /* Info.plist */,
			);
			path = jf;
			sourceTree = "<group>";
		};
		FAB387562827FFD2008C6009 /* jfTests */ = {
			isa = PBXGroup;
			children = (
				FAB387572827FFD2008C6009 /* jfTests.swift */,
			);
			path = jfTests;
			sourceTree = "<group>";
		};
		FAB387602827FFD2008C6009 /* jfUITests */ = {
			isa = PBXGroup;
			children = (
				FAB387612827FFD2008C6009 /* jfUITests.swift */,
				FAB387632827FFD2008C6009 /* jfUITestsLaunchTests.swift */,
			);
			path = jfUITests;
			sourceTree = "<group>";
		};
/* End PBXGroup section */

/* Begin PBXNativeTarget section */
		FAB3873C2827FFD1008C6009 /* jf */ = {
			isa = PBXNativeTarget;
			buildConfigurationList = FAB387672827FFD2008C6009 /* Build configuration list for PBXNativeTarget "jf" */;
			buildPhases = (
				FAB387392827FFD1008C6009 /* Sources */,
				FAB3873A2827FFD1008C6009 /* Frameworks */,
				FAB3873B2827FFD1008C6009 /* Resources */,
			);
			buildRules = (
			);
			dependencies = (
			);
			name = jf;
			productName = jf;
			productReference = FAB3873D2827FFD1008C6009 /* jf.app */;
			productType = "com.apple.product-type.application";
		};
		FAB387522827FFD2008C6009 /* jfTests */ = {
			isa = PBXNativeTarget;
			buildConfigurationList = FAB3876A2827FFD2008C6009 /* Build configuration list for PBXNativeTarget "jfTests" */;
			buildPhases = (
				FAB3874F2827FFD2008C6009 /* Sources */,
				FAB387502827FFD2008C6009 /* Frameworks */,
				FAB387512827FFD2008C6009 /* Resources */,
			);
			buildRules = (
			);
			dependencies = (
				FAB387552827FFD2008C6009 /* PBXTargetDependency */,
			);
			name = jfTests;
			productName = jfTests;
			productReference = FAB387532827FFD2008C6009 /* jfTests.xctest */;
			productType = "com.apple.product-type.bundle.unit-test";
		};
		FAB3875C2827FFD2008C6009 /* jfUITests */ = {
			isa = PBXNativeTarget;
			buildConfigurationList = FAB3876D2827FFD2008C6009 /* Build configuration list for PBXNativeTarget "jfUITests" */;
			buildPhases = (
				FAB387592827FFD2008C6009 /* Sources */,
				FAB3875A2827FFD2008C6009 /* Frameworks */,
				FAB3875B2827FFD2008C6009 /* Resources */,
			);
			buildRules = (
			);
			dependencies = (
				FAB3875F2827FFD2008C6009 /* PBXTargetDependency */,
			);
			name = jfUITests;
			productName = jfUITests;
			productReference = FAB3875D2827FFD2008C6009 /* jfUITests.xctest */;
			productType = "com.apple.product-type.bundle.ui-testing";
		};
/* End PBXNativeTarget section */

/* Begin PBXProject section */
		FAB387352827FFD1008C6009 /* Project object */ = {
			isa = PBXProject;
			attributes = {
				BuildIndependentTargetsInParallel = 1;
				LastSwiftUpdateCheck = 1310;
				LastUpgradeCheck = 1310;
				TargetAttributes = {
					FAB3873C2827FFD1008C6009 = {
						CreatedOnToolsVersion = 13.1;
					};
					FAB387522827FFD2008C6009 = {
						CreatedOnToolsVersion = 13.1;
						TestTargetID = FAB3873C2827FFD1008C6009;
					};
					FAB3875C2827FFD2008C6009 = {
						CreatedOnToolsVersion = 13.1;
						TestTargetID = FAB3873C2827FFD1008C6009;
					};
				};
			};
			buildConfigurationList = FAB387382827FFD1008C6009 /* Build configuration list for PBXProject "jf" */;
			compatibilityVersion = "Xcode 13.0";
			developmentRegion = en;
			hasScannedForEncodings = 0;
			knownRegions = (
				en,
				Base,
			);
			mainGroup = FAB387342827FFD1008C6009;
			productRefGroup = FAB3873E2827FFD1008C6009 /* Products */;
			projectDirPath = "";
			projectRoot = "";
			targets = (
				FAB3873C2827FFD1008C6009 /* jf */,
				FAB387522827FFD2008C6009 /* jfTests */,
				FAB3875C2827FFD2008C6009 /* jfUITests */,
			);
		};
/* End PBXProject section */

/* Begin PBXResourcesBuildPhase section */
		FAB3873B2827FFD1008C6009 /* Resources */ = {
			isa = PBXResourcesBuildPhase;
			buildActionMask = 2147483647;
			files = (
				FAB3874D2827FFD2008C6009 /* LaunchScreen.storyboard in Resources */,
				FAB3874A2827FFD2008C6009 /* Assets.xcassets in Resources */,
				FAB387482827FFD1008C6009 /* Main.storyboard in Resources */,
			);
			runOnlyForDeploymentPostprocessing = 0;
		};
		FAB387512827FFD2008C6009 /* Resources */ = {
			isa = PBXResourcesBuildPhase;
			buildActionMask = 2147483647;
			files = (
			);
			runOnlyForDeploymentPostprocessing = 0;
		};
		FAB3875B2827FFD2008C6009 /* Resources */ = {
			isa = PBXResourcesBuildPhase;
			buildActionMask = 2147483647;
			files = (
			);
			runOnlyForDeploymentPostprocessing = 0;
		};
/* End PBXResourcesBuildPhase section */

/* Begin PBXSourcesBuildPhase section */
		FAB387392827FFD1008C6009 /* Sources */ = {
			isa = PBXSourcesBuildPhase;
			buildActionMask = 2147483647;
			files = (
				FAB387712828063B008C6009 /* ViewController.swift in Sources */,
				FAB387412827FFD1008C6009 /* AppDelegate.swift in Sources */,
				FAB387432827FFD1008C6009 /* SceneDelegate.swift in Sources */,
			);
			runOnlyForDeploymentPostprocessing = 0;
		};
		FAB3874F2827FFD2008C6009 /* Sources */ = {
			isa = PBXSourcesBuildPhase;
			buildActionMask = 2147483647;
			files = (
				FAB387582827FFD2008C6009 /* jfTests.swift in Sources */,
			);
			runOnlyForDeploymentPostprocessing = 0;
		};
		FAB387592827FFD2008C6009 /* Sources */ = {
			isa = PBXSourcesBuildPhase;
			buildActionMask = 2147483647;
			files = (
				FAB387642827FFD2008C6009 /* jfUITestsLaunchTests.swift in Sources */,
				FAB387622827FFD2008C6009 /* jfUITests.swift in Sources */,
			);
			runOnlyForDeploymentPostprocessing = 0;
		};
/* End PBXSourcesBuildPhase section */

/* Begin PBXTargetDependency section */
		FAB387552827FFD2008C6009 /* PBXTargetDependency */ = {
			isa = PBXTargetDependency;
			target = FAB3873C2827FFD1008C6009 /* jf */;
			targetProxy = FAB387542827FFD2008C6009 /* PBXContainerItemProxy */;
		};
		FAB3875F2827FFD2008C6009 /* PBXTargetDependency */ = {
			isa = PBXTargetDependency;
			target = FAB3873C2827FFD1008C6009 /* jf */;
			targetProxy = FAB3875E2827FFD2008C6009 /* PBXContainerItemProxy */;
		};
/* End PBXTargetDependency section */

/* Begin PBXVariantGroup section */
		FAB387462827FFD1008C6009 /* Main.storyboard */ = {
			isa = PBXVariantGroup;
			children = (
				FAB387472827FFD1008C6009 /* Base */,
			);
			name = Main.storyboard;
			sourceTree = "<group>";
		};
		FAB3874B2827FFD2008C6009 /* LaunchScreen.storyboard */ = {
			isa = PBXVariantGroup;
			children = (
				FAB3874C2827FFD2008C6009 /* Base */,
			);
			name = LaunchScreen.storyboard;
			sourceTree = "<group>";
		};
/* End PBXVariantGroup section */

/* Begin XCBuildConfiguration section */
		FAB387652827FFD2008C6009 /* Debug */ = {
			isa = XCBuildConfiguration;
			buildSettings = {
				ALWAYS_SEARCH_USER_PATHS = NO;
				CLANG_ANALYZER_NONNULL = YES;
				CLANG_ANALYZER_NUMBER_OBJECT_CONVERSION = YES_AGGRESSIVE;
				CLANG_CXX_LANGUAGE_STANDARD = "gnu++17";
				CLANG_CXX_LIBRARY = "libc++";
				CLANG_ENABLE_MODULES = YES;
				CLANG_ENABLE_OBJC_ARC = YES;
				CLANG_ENABLE_OBJC_WEAK = YES;
				CLANG_WARN_BLOCK_CAPTURE_AUTORELEASING = YES;
				CLANG_WARN_BOOL_CONVERSION = YES;
				CLANG_WARN_COMMA = YES;
				CLANG_WARN_CONSTANT_CONVERSION = YES;
				CLANG_WARN_DEPRECATED_OBJC_IMPLEMENTATIONS = YES;
				CLANG_WARN_DIRECT_OBJC_ISA_USAGE = YES_ERROR;
				CLANG_WARN_DOCUMENTATION_COMMENTS = YES;
				CLANG_WARN_EMPTY_BODY = YES;
				CLANG_WARN_ENUM_CONVERSION = YES;
				CLANG_WARN_INFINITE_RECURSION = YES;
				CLANG_WARN_INT_CONVERSION = YES;
				CLANG_WARN_NON_LITERAL_NULL_CONVERSION = YES;
				CLANG_WARN_OBJC_IMPLICIT_RETAIN_SELF = YES;
				CLANG_WARN_OBJC_LITERAL_CONVERSION = YES;
				CLANG_WARN_OBJC_ROOT_CLASS = YES_ERROR;
				CLANG_WARN_QUOTED_INCLUDE_IN_FRAMEWORK_HEADER = YES;
				CLANG_WARN_RANGE_LOOP_ANALYSIS = YES;
				CLANG_WARN_STRICT_PROTOTYPES = YES;
				CLANG_WARN_SUSPICIOUS_MOVE = YES;
				CLANG_WARN_UNGUARDED_AVAILABILITY = YES_AGGRESSIVE;
				CLANG_WARN_UNREACHABLE_CODE = YES;
				CLANG_WARN__DUPLICATE_METHOD_MATCH = YES;
				COPY_PHASE_STRIP = NO;
				DEBUG_INFORMATION_FORMAT = dwarf;
				ENABLE_STRICT_OBJC_MSGSEND = YES;
				ENABLE_TESTABILITY = YES;
				GCC_C_LANGUAGE_STANDARD = gnu11;
				GCC_DYNAMIC_NO_PIC = NO;
				GCC_NO_COMMON_BLOCKS = YES;
				GCC_OPTIMIZATION_LEVEL = 0;
				GCC_PREPROCESSOR_DEFINITIONS = (
					"DEBUG=1",
					"$(inherited)",
				);
				GCC_WARN_64_TO_32_BIT_CONVERSION = YES;
				GCC_WARN_ABOUT_RETURN_TYPE = YES_ERROR;
				GCC_WARN_UNDECLARED_SELECTOR = YES;
				GCC_WARN_UNINITIALIZED_AUTOS = YES_AGGRESSIVE;
				GCC_WARN_UNUSED_FUNCTION = YES;
				GCC_WARN_UNUSED_VARIABLE = YES;
				IPHONEOS_DEPLOYMENT_TARGET = 15.0;
				MTL_ENABLE_DEBUG_INFO = INCLUDE_SOURCE;
				MTL_FAST_MATH = YES;
				ONLY_ACTIVE_ARCH = YES;
				SDKROOT = iphoneos;
				SWIFT_ACTIVE_COMPILATION_CONDITIONS = DEBUG;
				SWIFT_OPTIMIZATION_LEVEL = "-Onone";
			};
			name = Debug;
		};
		FAB387662827FFD2008C6009 /* Release */ = {
			isa = XCBuildConfiguration;
			buildSettings = {
				ALWAYS_SEARCH_USER_PATHS = NO;
				CLANG_ANALYZER_NONNULL = YES;
				CLANG_ANALYZER_NUMBER_OBJECT_CONVERSION = YES_AGGRESSIVE;
				CLANG_CXX_LANGUAGE_STANDARD = "gnu++17";
				CLANG_CXX_LIBRARY = "libc++";
				CLANG_ENABLE_MODULES = YES;
				CLANG_ENABLE_OBJC_ARC = YES;
				CLANG_ENABLE_OBJC_WEAK = YES;
				CLANG_WARN_BLOCK_CAPTURE_AUTORELEASING = YES;
				CLANG_WARN_BOOL_CONVERSION = YES;
				CLANG_WARN_COMMA = YES;
				CLANG_WARN_CONSTANT_CONVERSION = YES;
				CLANG_WARN_DEPRECATED_OBJC_IMPLEMENTATIONS = YES;
				CLANG_WARN_DIRECT_OBJC_ISA_USAGE = YES_ERROR;
				CLANG_WARN_DOCUMENTATION_COMMENTS = YES;
				CLANG_WARN_EMPTY_BODY = YES;
				CLANG_WARN_ENUM_CONVERSION = YES;
				CLANG_WARN_INFINITE_RECURSION = YES;
				CLANG_WARN_INT_CONVERSION = YES;
				CLANG_WARN_NON_LITERAL_NULL_CONVERSION = YES;
				CLANG_WARN_OBJC_IMPLICIT_RETAIN_SELF = YES;
				CLANG_WARN_OBJC_LITERAL_CONVERSION = YES;
				CLANG_WARN_OBJC_ROOT_CLASS = YES_ERROR;
				CLANG_WARN_QUOTED_INCLUDE_IN_FRAMEWORK_HEADER = YES;
				CLANG_WARN_RANGE_LOOP_ANALYSIS = YES;
				CLANG_WARN_STRICT_PROTOTYPES = YES;
				CLANG_WARN_SUSPICIOUS_MOVE = YES;
				CLANG_WARN_UNGUARDED_AVAILABILITY = YES_AGGRESSIVE;
				CLANG_WARN_UNREACHABLE_CODE = YES;
				CLANG_WARN__DUPLICATE_METHOD_MATCH = YES;
				COPY_PHASE_STRIP = NO;
				DEBUG_INFORMATION_FORMAT = "dwarf-with-dsym";
				ENABLE_NS_ASSERTIONS = NO;
				ENABLE_STRICT_OBJC_MSGSEND = YES;
				GCC_C_LANGUAGE_STANDARD = gnu11;
				GCC_NO_COMMON_BLOCKS = YES;
				GCC_WARN_64_TO_32_BIT_CONVERSION = YES;
				GCC_WARN_ABOUT_RETURN_TYPE = YES_ERROR;
				GCC_WARN_UNDECLARED_SELECTOR = YES;
				GCC_WARN_UNINITIALIZED_AUTOS = YES_AGGRESSIVE;
				GCC_WARN_UNUSED_FUNCTION = YES;
				GCC_WARN_UNUSED_VARIABLE = YES;
				IPHONEOS_DEPLOYMENT_TARGET = 15.0;
				MTL_ENABLE_DEBUG_INFO = NO;
				MTL_FAST_MATH = YES;
				SDKROOT = iphoneos;
				SWIFT_COMPILATION_MODE = wholemodule;
				SWIFT_OPTIMIZATION_LEVEL = "-O";
				VALIDATE_PRODUCT = YES;
			};
			name = Release;
		};
		FAB387682827FFD2008C6009 /* Debug */ = {
			isa = XCBuildConfiguration;
			buildSettings = {
				ASSETCATALOG_COMPILER_APPICON_NAME = AppIcon;
				ASSETCATALOG_COMPILER_GLOBAL_ACCENT_COLOR_NAME = AccentColor;
				CODE_SIGN_STYLE = Automatic;
				CURRENT_PROJECT_VERSION = 1;
				DEVELOPMENT_TEAM = BMAENCBPZB;
				GENERATE_INFOPLIST_FILE = YES;
				INFOPLIST_FILE = jf/Info.plist;
				INFOPLIST_KEY_UIApplicationSupportsIndirectInputEvents = YES;
				INFOPLIST_KEY_UILaunchStoryboardName = LaunchScreen;
				INFOPLIST_KEY_UIMainStoryboardFile = Main;
				INFOPLIST_KEY_UISupportedInterfaceOrientations_iPad = "UIInterfaceOrientationPortrait UIInterfaceOrientationPortraitUpsideDown UIInterfaceOrientationLandscapeLeft UIInterfaceOrientationLandscapeRight";
				INFOPLIST_KEY_UISupportedInterfaceOrientations_iPhone = "UIInterfaceOrientationPortrait UIInterfaceOrientationLandscapeLeft UIInterfaceOrientationLandscapeRight";
				LD_RUNPATH_SEARCH_PATHS = (
					"$(inherited)",
					"@executable_path/Frameworks",
				);
				MARKETING_VERSION = 1.0;
				PRODUCT_BUNDLE_IDENTIFIER = tw.human.connect.jf;
				PRODUCT_NAME = "$(TARGET_NAME)";
				SWIFT_EMIT_LOC_STRINGS = YES;
				SWIFT_VERSION = 5.0;
				TARGETED_DEVICE_FAMILY = "1,2";
			};
			name = Debug;
		};
		FAB387692827FFD2008C6009 /* Release */ = {
			isa = XCBuildConfiguration;
			buildSettings = {
				ASSETCATALOG_COMPILER_APPICON_NAME = AppIcon;
				ASSETCATALOG_COMPILER_GLOBAL_ACCENT_COLOR_NAME = AccentColor;
				CODE_SIGN_STYLE = Automatic;
				CURRENT_PROJECT_VERSION = 1;
				DEVELOPMENT_TEAM = BMAENCBPZB;
				GENERATE_INFOPLIST_FILE = YES;
				INFOPLIST_FILE = jf/Info.plist;
				INFOPLIST_KEY_UIApplicationSupportsIndirectInputEvents = YES;
				INFOPLIST_KEY_UILaunchStoryboardName = LaunchScreen;
				INFOPLIST_KEY_UIMainStoryboardFile = Main;
				INFOPLIST_KEY_UISupportedInterfaceOrientations_iPad = "UIInterfaceOrientationPortrait UIInterfaceOrientationPortraitUpsideDown UIInterfaceOrientationLandscapeLeft UIInterfaceOrientationLandscapeRight";
				INFOPLIST_KEY_UISupportedInterfaceOrientations_iPhone = "UIInterfaceOrientationPortrait UIInterfaceOrientationLandscapeLeft UIInterfaceOrientationLandscapeRight";
				LD_RUNPATH_SEARCH_PATHS = (
					"$(inherited)",
					"@executable_path/Frameworks",
				);
				MARKETING_VERSION = 1.0;
				PRODUCT_BUNDLE_IDENTIFIER = tw.human.connect.jf;
				PRODUCT_NAME = "$(TARGET_NAME)";
				SWIFT_EMIT_LOC_STRINGS = YES;
				SWIFT_VERSION = 5.0;
				TARGETED_DEVICE_FAMILY = "1,2";
			};
			name = Release;
		};
		FAB3876B2827FFD2008C6009 /* Debug */ = {
			isa = XCBuildConfiguration;
			buildSettings = {
				ALWAYS_EMBED_SWIFT_STANDARD_LIBRARIES = YES;
				BUNDLE_LOADER = "$(TEST_HOST)";
				CODE_SIGN_STYLE = Automatic;
				CURRENT_PROJECT_VERSION = 1;
				DEVELOPMENT_TEAM = BMAENCBPZB;
				GENERATE_INFOPLIST_FILE = YES;
				IPHONEOS_DEPLOYMENT_TARGET = 15.0;
				LD_RUNPATH_SEARCH_PATHS = (
					"$(inherited)",
					"@executable_path/Frameworks",
					"@loader_path/Frameworks",
				);
				MARKETING_VERSION = 1.0;
				PRODUCT_BUNDLE_IDENTIFIER = tw.human.connect.jfTests;
				PRODUCT_NAME = "$(TARGET_NAME)";
				SWIFT_EMIT_LOC_STRINGS = NO;
				SWIFT_VERSION = 5.0;
				TARGETED_DEVICE_FAMILY = "1,2";
				TEST_HOST = "$(BUILT_PRODUCTS_DIR)/jf.app/jf";
			};
			name = Debug;
		};
		FAB3876C2827FFD2008C6009 /* Release */ = {
			isa = XCBuildConfiguration;
			buildSettings = {
				ALWAYS_EMBED_SWIFT_STANDARD_LIBRARIES = YES;
				BUNDLE_LOADER = "$(TEST_HOST)";
				CODE_SIGN_STYLE = Automatic;
				CURRENT_PROJECT_VERSION = 1;
				DEVELOPMENT_TEAM = BMAENCBPZB;
				GENERATE_INFOPLIST_FILE = YES;
				IPHONEOS_DEPLOYMENT_TARGET = 15.0;
				LD_RUNPATH_SEARCH_PATHS = (
					"$(inherited)",
					"@executable_path/Frameworks",
					"@loader_path/Frameworks",
				);
				MARKETING_VERSION = 1.0;
				PRODUCT_BUNDLE_IDENTIFIER = tw.human.connect.jfTests;
				PRODUCT_NAME = "$(TARGET_NAME)";
				SWIFT_EMIT_LOC_STRINGS = NO;
				SWIFT_VERSION = 5.0;
				TARGETED_DEVICE_FAMILY = "1,2";
				TEST_HOST = "$(BUILT_PRODUCTS_DIR)/jf.app/jf";
			};
			name = Release;
		};
		FAB3876E2827FFD2008C6009 /* Debug */ = {
			isa = XCBuildConfiguration;
			buildSettings = {
				ALWAYS_EMBED_SWIFT_STANDARD_LIBRARIES = YES;
				CODE_SIGN_STYLE = Automatic;
				CURRENT_PROJECT_VERSION = 1;
				DEVELOPMENT_TEAM = BMAENCBPZB;
				GENERATE_INFOPLIST_FILE = YES;
				LD_RUNPATH_SEARCH_PATHS = (
					"$(inherited)",
					"@executable_path/Frameworks",
					"@loader_path/Frameworks",
				);
				MARKETING_VERSION = 1.0;
				PRODUCT_BUNDLE_IDENTIFIER = tw.human.connect.jfUITests;
				PRODUCT_NAME = "$(TARGET_NAME)";
				SWIFT_EMIT_LOC_STRINGS = NO;
				SWIFT_VERSION = 5.0;
				TARGETED_DEVICE_FAMILY = "1,2";
				TEST_TARGET_NAME = jf;
			};
			name = Debug;
		};
		FAB3876F2827FFD2008C6009 /* Release */ = {
			isa = XCBuildConfiguration;
			buildSettings = {
				ALWAYS_EMBED_SWIFT_STANDARD_LIBRARIES = YES;
				CODE_SIGN_STYLE = Automatic;
				CURRENT_PROJECT_VERSION = 1;
				DEVELOPMENT_TEAM = BMAENCBPZB;
				GENERATE_INFOPLIST_FILE = YES;
				LD_RUNPATH_SEARCH_PATHS = (
					"$(inherited)",
					"@executable_path/Frameworks",
					"@loader_path/Frameworks",
				);
				MARKETING_VERSION = 1.0;
				PRODUCT_BUNDLE_IDENTIFIER = tw.human.connect.jfUITests;
				PRODUCT_NAME = "$(TARGET_NAME)";
				SWIFT_EMIT_LOC_STRINGS = NO;
				SWIFT_VERSION = 5.0;
				TARGETED_DEVICE_FAMILY = "1,2";
				TEST_TARGET_NAME = jf;
			};
			name = Release;
		};
/* End XCBuildConfiguration section */

/* Begin XCConfigurationList section */
		FAB387382827FFD1008C6009 /* Build configuration list for PBXProject "jf" */ = {
			isa = XCConfigurationList;
			buildConfigurations = (
				FAB387652827FFD2008C6009 /* Debug */,
				FAB387662827FFD2008C6009 /* Release */,
			);
			defaultConfigurationIsVisible = 0;
			defaultConfigurationName = Release;
		};
		FAB387672827FFD2008C6009 /* Build configuration list for PBXNativeTarget "jf" */ = {
			isa = XCConfigurationList;
			buildConfigurations = (
				FAB387682827FFD2008C6009 /* Debug */,
				FAB387692827FFD2008C6009 /* Release */,
			);
			defaultConfigurationIsVisible = 0;
			defaultConfigurationName = Release;
		};
		FAB3876A2827FFD2008C6009 /* Build configuration list for PBXNativeTarget "jfTests" */ = {
			isa = XCConfigurationList;
			buildConfigurations = (
				FAB3876B2827FFD2008C6009 /* Debug */,
				FAB3876C2827FFD2008C6009 /* Release */,
			);
			defaultConfigurationIsVisible = 0;
			defaultConfigurationName = Release;
		};
		FAB3876D2827FFD2008C6009 /* Build configuration list for PBXNativeTarget "jfUITests" */ = {
			isa = XCConfigurationList;
			buildConfigurations = (
				FAB3876E2827FFD2008C6009 /* Debug */,
				FAB3876F2827FFD2008C6009 /* Release */,
			);
			defaultConfigurationIsVisible = 0;
			defaultConfigurationName = Release;
		};
/* End XCConfigurationList section */
	};
	rootObject = FAB387352827FFD1008C6009 /* Project object */;
}
